
Microsoft Visual Studio Solution File, Format Version 12.00
# Visual Studio Version 17
VisualStudioVersion = 17.0.31903.59
MinimumVisualStudioVersion = 10.0.40219.1
Project("{2150E333-8FDC-42A3-9474-1A3956D46DE8}") = "src", "src", "{827E0CD3-B72D-47B6-A68D-7590B98EB39B}"
EndProject
Project("{FAE04EC0-301F-11D3-BF4B-00C04F79EFBC}") = "Tiffin.Tracking.Api", "src\Tiffin.Tracking.Api\Tiffin.Tracking.Api.csproj", "{08AA67F2-E2F8-43E5-B314-CD690FC1D457}"
EndProject
Project("{FAE04EC0-301F-11D3-BF4B-00C04F79EFBC}") = "Tiffin.Tracking.Application", "src\Tiffin.Tracking.Application\Tiffin.Tracking.Application.csproj", "{CD4E6CB9-2EC9-4BAB-BC22-FA094C933330}"
EndProject
Project("{FAE04EC0-301F-11D3-BF4B-00C04F79EFBC}") = "Tiffin.Tracking.Domain", "src\Tiffin.Tracking.Domain\Tiffin.Tracking.Domain.csproj", "{57135AB6-5B6C-477E-9D21-E342CEF94042}"
EndProject
Project("{FAE04EC0-301F-11D3-BF4B-00C04F79EFBC}") = "Tiffin.Tracking.Infrastructure", "src\Tiffin.Tracking.Infrastructure\Tiffin.Tracking.Infrastructure.csproj", "{5792D406-5407-4146-BCFA-AB86AA124BEC}"
EndProject
Project("{2150E333-8FDC-42A3-9474-1A3956D46DE8}") = "tests", "tests", "{0AB3BF05-4346-4AA6-1389-037BE0695223}"
EndProject
Project("{FAE04EC0-301F-11D3-BF4B-00C04F79EFBC}") = "Tiffin.Tracking.Tests", "tests\Tiffin.Tracking.Tests\Tiffin.Tracking.Tests.csproj", "{B4CFE196-82BF-4731-A922-FB6121B64969}"
EndProject
Global
	GlobalSection(SolutionConfigurationPlatforms) = preSolution
		Debug|Any CPU = Debug|Any CPU
		Debug|x64 = Debug|x64
		Debug|x86 = Debug|x86
		Release|Any CPU = Release|Any CPU
		Release|x64 = Release|x64
		Release|x86 = Release|x86
	EndGlobalSection
	GlobalSection(ProjectConfigurationPlatforms) = postSolution
		{08AA67F2-E2F8-43E5-B314-CD690FC1D457}.Debug|Any CPU.ActiveCfg = Debug|Any CPU
		{08AA67F2-E2F8-43E5-B314-CD690FC1D457}.Debug|Any CPU.Build.0 = Debug|Any CPU
		{08AA67F2-E2F8-43E5-B314-CD690FC1D457}.Debug|x64.ActiveCfg = Debug|Any CPU
		{08AA67F2-E2F8-43E5-B314-CD690FC1D457}.Debug|x64.Build.0 = Debug|Any CPU
		{08AA67F2-E2F8-43E5-B314-CD690FC1D457}.Debug|x86.ActiveCfg = Debug|Any CPU
		{08AA67F2-E2F8-43E5-B314-CD690FC1D457}.Debug|x86.Build.0 = Debug|Any CPU
		{08AA67F2-E2F8-43E5-B314-CD690FC1D457}.Release|Any CPU.ActiveCfg = Release|Any CPU
		{08AA67F2-E2F8-43E5-B314-CD690FC1D457}.Release|Any CPU.Build.0 = Release|Any CPU
		{08AA67F2-E2F8-43E5-B314-CD690FC1D457}.Release|x64.ActiveCfg = Release|Any CPU
		{08AA67F2-E2F8-43E5-B314-CD690FC1D457}.Release|x64.Build.0 = Release|Any CPU
		{08AA67F2-E2F8-43E5-B314-CD690FC1D457}.Release|x86.ActiveCfg = Release|Any CPU
		{08AA67F2-E2F8-43E5-B314-CD690FC1D457}.Release|x86.Build.0 = Release|Any CPU
		{CD4E6CB9-2EC9-4BAB-BC22-FA094C933330}.Debug|Any CPU.ActiveCfg = Debug|Any CPU
		{CD4E6CB9-2EC9-4BAB-BC22-FA094C933330}.Debug|Any CPU.Build.0 = Debug|Any CPU
		{CD4E6CB9-2EC9-4BAB-BC22-FA094C933330}.Debug|x64.ActiveCfg = Debug|Any CPU
		{CD4E6CB9-2EC9-4BAB-BC22-FA094C933330}.Debug|x64.Build.0 = Debug|Any CPU
		{CD4E6CB9-2EC9-4BAB-BC22-FA094C933330}.Debug|x86.ActiveCfg = Debug|Any CPU
		{CD4E6CB9-2EC9-4BAB-BC22-FA094C933330}.Debug|x86.Build.0 = Debug|Any CPU
		{CD4E6CB9-2EC9-4BAB-BC22-FA094C933330}.Release|Any CPU.ActiveCfg = Release|Any CPU
		{CD4E6CB9-2EC9-4BAB-BC22-FA094C933330}.Release|Any CPU.Build.0 = Release|Any CPU
		{CD4E6CB9-2EC9-4BAB-BC22-FA094C933330}.Release|x64.ActiveCfg = Release|Any CPU
		{CD4E6CB9-2EC9-4BAB-BC22-FA094C933330}.Release|x64.Build.0 = Release|Any CPU
		{CD4E6CB9-2EC9-4BAB-BC22-FA094C933330}.Release|x86.ActiveCfg = Release|Any CPU
		{CD4E6CB9-2EC9-4BAB-BC22-FA094C933330}.Release|x86.Build.0 = Release|Any CPU
		{57135AB6-5B6C-477E-9D21-E342CEF94042}.Debug|Any CPU.ActiveCfg = Debug|Any CPU
		{57135AB6-5B6C-477E-9D21-E342CEF94042}.Debug|Any CPU.Build.0 = Debug|Any CPU
		{57135AB6-5B6C-477E-9D21-E342CEF94042}.Debug|x64.ActiveCfg = Debug|Any CPU
		{57135AB6-5B6C-477E-9D21-E342CEF94042}.Debug|x64.Build.0 = Debug|Any CPU
		{57135AB6-5B6C-477E-9D21-E342CEF94042}.Debug|x86.ActiveCfg = Debug|Any CPU
		{57135AB6-5B6C-477E-9D21-E342CEF94042}.Debug|x86.Build.0 = Debug|Any CPU
		{57135AB6-5B6C-477E-9D21-E342CEF94042}.Release|Any CPU.ActiveCfg = Release|Any CPU
		{57135AB6-5B6C-477E-9D21-E342CEF94042}.Release|Any CPU.Build.0 = Release|Any CPU
		{57135AB6-5B6C-477E-9D21-E342CEF94042}.Release|x64.ActiveCfg = Release|Any CPU
		{57135AB6-5B6C-477E-9D21-E342CEF94042}.Release|x64.Build.0 = Release|Any CPU
		{57135AB6-5B6C-477E-9D21-E342CEF94042}.Release|x86.ActiveCfg = Release|Any CPU
		{57135AB6-5B6C-477E-9D21-E342CEF94042}.Release|x86.Build.0 = Release|Any CPU
		{5792D406-5407-4146-BCFA-AB86AA124BEC}.Debug|Any CPU.ActiveCfg = Debug|Any CPU
		{5792D406-5407-4146-BCFA-AB86AA124BEC}.Debug|Any CPU.Build.0 = Debug|Any CPU
		{5792D406-5407-4146-BCFA-AB86AA124BEC}.Debug|x64.ActiveCfg = Debug|Any CPU
		{5792D406-5407-4146-BCFA-AB86AA124BEC}.Debug|x64.Build.0 = Debug|Any CPU
		{5792D406-5407-4146-BCFA-AB86AA124BEC}.Debug|x86.ActiveCfg = Debug|Any CPU
		{5792D406-5407-4146-BCFA-AB86AA124BEC}.Debug|x86.Build.0 = Debug|Any CPU
		{5792D406-5407-4146-BCFA-AB86AA124BEC}.Release|Any CPU.ActiveCfg = Release|Any CPU
		{5792D406-5407-4146-BCFA-AB86AA124BEC}.Release|Any CPU.Build.0 = Release|Any CPU
		{5792D406-5407-4146-BCFA-AB86AA124BEC}.Release|x64.ActiveCfg = Release|Any CPU
		{5792D406-5407-4146-BCFA-AB86AA124BEC}.Release|x64.Build.0 = Release|Any CPU
		{5792D406-5407-4146-BCFA-AB86AA124BEC}.Release|x86.ActiveCfg = Release|Any CPU
		{5792D406-5407-4146-BCFA-AB86AA124BEC}.Release|x86.Build.0 = Release|Any CPU
		{B4CFE196-82BF-4731-A922-FB6121B64969}.Debug|Any CPU.ActiveCfg = Debug|Any CPU
		{B4CFE196-82BF-4731-A922-FB6121B64969}.Debug|Any CPU.Build.0 = Debug|Any CPU
		{B4CFE196-82BF-4731-A922-FB6121B64969}.Debug|x64.ActiveCfg = Debug|Any CPU
		{B4CFE196-82BF-4731-A922-FB6121B64969}.Debug|x64.Build.0 = Debug|Any CPU
		{B4CFE196-82BF-4731-A922-FB6121B64969}.Debug|x86.ActiveCfg = Debug|Any CPU
		{B4CFE196-82BF-4731-A922-FB6121B64969}.Debug|x86.Build.0 = Debug|Any CPU
		{B4CFE196-82BF-4731-A922-FB6121B64969}.Release|Any CPU.ActiveCfg = Release|Any CPU
		{B4CFE196-82BF-4731-A922-FB6121B64969}.Release|Any CPU.Build.0 = Release|Any CPU
		{B4CFE196-82BF-4731-A922-FB6121B64969}.Release|x64.ActiveCfg = Release|Any CPU
		{B4CFE196-82BF-4731-A922-FB6121B64969}.Release|x64.Build.0 = Release|Any CPU
		{B4CFE196-82BF-4731-A922-FB6121B64969}.Release|x86.ActiveCfg = Release|Any CPU
		{B4CFE196-82BF-4731-A922-FB6121B64969}.Release|x86.Build.0 = Release|Any CPU
	EndGlobalSection
	GlobalSection(SolutionProperties) = preSolution
		HideSolutionNode = FALSE
	EndGlobalSection
	GlobalSection(NestedProjects) = preSolution
		{08AA67F2-E2F8-43E5-B314-CD690FC1D457} = {827E0CD3-B72D-47B6-A68D-7590B98EB39B}
		{CD4E6CB9-2EC9-4BAB-BC22-FA094C933330} = {827E0CD3-B72D-47B6-A68D-7590B98EB39B}
		{57135AB6-5B6C-477E-9D21-E342CEF94042} = {827E0CD3-B72D-47B6-A68D-7590B98EB39B}
		{5792D406-5407-4146-BCFA-AB86AA124BEC} = {827E0CD3-B72D-47B6-A68D-7590B98EB39B}
		{B4CFE196-82BF-4731-A922-FB6121B64969} = {0AB3BF05-4346-4AA6-1389-037BE0695223}
	EndGlobalSection
EndGlobal
