
Microsoft Visual Studio Solution File, Format Version 12.00
# Visual Studio Version 17
VisualStudioVersion = 17.0.31903.59
MinimumVisualStudioVersion = 10.0.40219.1
Project("{2150E333-8FDC-42A3-9474-1A3956D46DE8}") = "src", "src", "{827E0CD3-B72D-47B6-A68D-7590B98EB39B}"
EndProject
Project("{FAE04EC0-301F-11D3-BF4B-00C04F79EFBC}") = "Tiffin.Access.Api", "src\Tiffin.Access.Api\Tiffin.Access.Api.csproj", "{62DF1575-CBAB-4BE6-AFA5-9C068C911DD7}"
EndProject
Project("{FAE04EC0-301F-11D3-BF4B-00C04F79EFBC}") = "Tiffin.Access.Application", "src\Tiffin.Access.Application\Tiffin.Access.Application.csproj", "{4B4E505E-4027-4CA5-A701-77BC92B18620}"
EndProject
Project("{FAE04EC0-301F-11D3-BF4B-00C04F79EFBC}") = "Tiffin.Access.Domain", "src\Tiffin.Access.Domain\Tiffin.Access.Domain.csproj", "{A66C882A-76FF-426F-B17E-6B1528A647FB}"
EndProject
Project("{FAE04EC0-301F-11D3-BF4B-00C04F79EFBC}") = "Tiffin.Access.Infrastructure", "src\Tiffin.Access.Infrastructure\Tiffin.Access.Infrastructure.csproj", "{F18DA8C8-3661-4DCF-B6D4-C7F0D70D9EFF}"
EndProject
Project("{2150E333-8FDC-42A3-9474-1A3956D46DE8}") = "tests", "tests", "{0AB3BF05-4346-4AA6-1389-037BE0695223}"
EndProject
Project("{FAE04EC0-301F-11D3-BF4B-00C04F79EFBC}") = "Tiffin.Access.Tests", "tests\Tiffin.Access.Tests\Tiffin.Access.Tests.csproj", "{1A459E57-6988-4C83-8AB3-65CC3F48982B}"
EndProject
Global
	GlobalSection(SolutionConfigurationPlatforms) = preSolution
		Debug|Any CPU = Debug|Any CPU
		Debug|x64 = Debug|x64
		Debug|x86 = Debug|x86
		Release|Any CPU = Release|Any CPU
		Release|x64 = Release|x64
		Release|x86 = Release|x86
	EndGlobalSection
	GlobalSection(ProjectConfigurationPlatforms) = postSolution
		{62DF1575-CBAB-4BE6-AFA5-9C068C911DD7}.Debug|Any CPU.ActiveCfg = Debug|Any CPU
		{62DF1575-CBAB-4BE6-AFA5-9C068C911DD7}.Debug|Any CPU.Build.0 = Debug|Any CPU
		{62DF1575-CBAB-4BE6-AFA5-9C068C911DD7}.Debug|x64.ActiveCfg = Debug|Any CPU
		{62DF1575-CBAB-4BE6-AFA5-9C068C911DD7}.Debug|x64.Build.0 = Debug|Any CPU
		{62DF1575-CBAB-4BE6-AFA5-9C068C911DD7}.Debug|x86.ActiveCfg = Debug|Any CPU
		{62DF1575-CBAB-4BE6-AFA5-9C068C911DD7}.Debug|x86.Build.0 = Debug|Any CPU
		{62DF1575-CBAB-4BE6-AFA5-9C068C911DD7}.Release|Any CPU.ActiveCfg = Release|Any CPU
		{62DF1575-CBAB-4BE6-AFA5-9C068C911DD7}.Release|Any CPU.Build.0 = Release|Any CPU
		{62DF1575-CBAB-4BE6-AFA5-9C068C911DD7}.Release|x64.ActiveCfg = Release|Any CPU
		{62DF1575-CBAB-4BE6-AFA5-9C068C911DD7}.Release|x64.Build.0 = Release|Any CPU
		{62DF1575-CBAB-4BE6-AFA5-9C068C911DD7}.Release|x86.ActiveCfg = Release|Any CPU
		{62DF1575-CBAB-4BE6-AFA5-9C068C911DD7}.Release|x86.Build.0 = Release|Any CPU
		{4B4E505E-4027-4CA5-A701-77BC92B18620}.Debug|Any CPU.ActiveCfg = Debug|Any CPU
		{4B4E505E-4027-4CA5-A701-77BC92B18620}.Debug|Any CPU.Build.0 = Debug|Any CPU
		{4B4E505E-4027-4CA5-A701-77BC92B18620}.Debug|x64.ActiveCfg = Debug|Any CPU
		{4B4E505E-4027-4CA5-A701-77BC92B18620}.Debug|x64.Build.0 = Debug|Any CPU
		{4B4E505E-4027-4CA5-A701-77BC92B18620}.Debug|x86.ActiveCfg = Debug|Any CPU
		{4B4E505E-4027-4CA5-A701-77BC92B18620}.Debug|x86.Build.0 = Debug|Any CPU
		{4B4E505E-4027-4CA5-A701-77BC92B18620}.Release|Any CPU.ActiveCfg = Release|Any CPU
		{4B4E505E-4027-4CA5-A701-77BC92B18620}.Release|Any CPU.Build.0 = Release|Any CPU
		{4B4E505E-4027-4CA5-A701-77BC92B18620}.Release|x64.ActiveCfg = Release|Any CPU
		{4B4E505E-4027-4CA5-A701-77BC92B18620}.Release|x64.Build.0 = Release|Any CPU
		{4B4E505E-4027-4CA5-A701-77BC92B18620}.Release|x86.ActiveCfg = Release|Any CPU
		{4B4E505E-4027-4CA5-A701-77BC92B18620}.Release|x86.Build.0 = Release|Any CPU
		{A66C882A-76FF-426F-B17E-6B1528A647FB}.Debug|Any CPU.ActiveCfg = Debug|Any CPU
		{A66C882A-76FF-426F-B17E-6B1528A647FB}.Debug|Any CPU.Build.0 = Debug|Any CPU
		{A66C882A-76FF-426F-B17E-6B1528A647FB}.Debug|x64.ActiveCfg = Debug|Any CPU
		{A66C882A-76FF-426F-B17E-6B1528A647FB}.Debug|x64.Build.0 = Debug|Any CPU
		{A66C882A-76FF-426F-B17E-6B1528A647FB}.Debug|x86.ActiveCfg = Debug|Any CPU
		{A66C882A-76FF-426F-B17E-6B1528A647FB}.Debug|x86.Build.0 = Debug|Any CPU
		{A66C882A-76FF-426F-B17E-6B1528A647FB}.Release|Any CPU.ActiveCfg = Release|Any CPU
		{A66C882A-76FF-426F-B17E-6B1528A647FB}.Release|Any CPU.Build.0 = Release|Any CPU
		{A66C882A-76FF-426F-B17E-6B1528A647FB}.Release|x64.ActiveCfg = Release|Any CPU
		{A66C882A-76FF-426F-B17E-6B1528A647FB}.Release|x64.Build.0 = Release|Any CPU
		{A66C882A-76FF-426F-B17E-6B1528A647FB}.Release|x86.ActiveCfg = Release|Any CPU
		{A66C882A-76FF-426F-B17E-6B1528A647FB}.Release|x86.Build.0 = Release|Any CPU
		{F18DA8C8-3661-4DCF-B6D4-C7F0D70D9EFF}.Debug|Any CPU.ActiveCfg = Debug|Any CPU
		{F18DA8C8-3661-4DCF-B6D4-C7F0D70D9EFF}.Debug|Any CPU.Build.0 = Debug|Any CPU
		{F18DA8C8-3661-4DCF-B6D4-C7F0D70D9EFF}.Debug|x64.ActiveCfg = Debug|Any CPU
		{F18DA8C8-3661-4DCF-B6D4-C7F0D70D9EFF}.Debug|x64.Build.0 = Debug|Any CPU
		{F18DA8C8-3661-4DCF-B6D4-C7F0D70D9EFF}.Debug|x86.ActiveCfg = Debug|Any CPU
		{F18DA8C8-3661-4DCF-B6D4-C7F0D70D9EFF}.Debug|x86.Build.0 = Debug|Any CPU
		{F18DA8C8-3661-4DCF-B6D4-C7F0D70D9EFF}.Release|Any CPU.ActiveCfg = Release|Any CPU
		{F18DA8C8-3661-4DCF-B6D4-C7F0D70D9EFF}.Release|Any CPU.Build.0 = Release|Any CPU
		{F18DA8C8-3661-4DCF-B6D4-C7F0D70D9EFF}.Release|x64.ActiveCfg = Release|Any CPU
		{F18DA8C8-3661-4DCF-B6D4-C7F0D70D9EFF}.Release|x64.Build.0 = Release|Any CPU
		{F18DA8C8-3661-4DCF-B6D4-C7F0D70D9EFF}.Release|x86.ActiveCfg = Release|Any CPU
		{F18DA8C8-3661-4DCF-B6D4-C7F0D70D9EFF}.Release|x86.Build.0 = Release|Any CPU
		{1A459E57-6988-4C83-8AB3-65CC3F48982B}.Debug|Any CPU.ActiveCfg = Debug|Any CPU
		{1A459E57-6988-4C83-8AB3-65CC3F48982B}.Debug|Any CPU.Build.0 = Debug|Any CPU
		{1A459E57-6988-4C83-8AB3-65CC3F48982B}.Debug|x64.ActiveCfg = Debug|Any CPU
		{1A459E57-6988-4C83-8AB3-65CC3F48982B}.Debug|x64.Build.0 = Debug|Any CPU
		{1A459E57-6988-4C83-8AB3-65CC3F48982B}.Debug|x86.ActiveCfg = Debug|Any CPU
		{1A459E57-6988-4C83-8AB3-65CC3F48982B}.Debug|x86.Build.0 = Debug|Any CPU
		{1A459E57-6988-4C83-8AB3-65CC3F48982B}.Release|Any CPU.ActiveCfg = Release|Any CPU
		{1A459E57-6988-4C83-8AB3-65CC3F48982B}.Release|Any CPU.Build.0 = Release|Any CPU
		{1A459E57-6988-4C83-8AB3-65CC3F48982B}.Release|x64.ActiveCfg = Release|Any CPU
		{1A459E57-6988-4C83-8AB3-65CC3F48982B}.Release|x64.Build.0 = Release|Any CPU
		{1A459E57-6988-4C83-8AB3-65CC3F48982B}.Release|x86.ActiveCfg = Release|Any CPU
		{1A459E57-6988-4C83-8AB3-65CC3F48982B}.Release|x86.Build.0 = Release|Any CPU
	EndGlobalSection
	GlobalSection(SolutionProperties) = preSolution
		HideSolutionNode = FALSE
	EndGlobalSection
	GlobalSection(NestedProjects) = preSolution
		{62DF1575-CBAB-4BE6-AFA5-9C068C911DD7} = {827E0CD3-B72D-47B6-A68D-7590B98EB39B}
		{4B4E505E-4027-4CA5-A701-77BC92B18620} = {827E0CD3-B72D-47B6-A68D-7590B98EB39B}
		{A66C882A-76FF-426F-B17E-6B1528A647FB} = {827E0CD3-B72D-47B6-A68D-7590B98EB39B}
		{F18DA8C8-3661-4DCF-B6D4-C7F0D70D9EFF} = {827E0CD3-B72D-47B6-A68D-7590B98EB39B}
		{1A459E57-6988-4C83-8AB3-65CC3F48982B} = {0AB3BF05-4346-4AA6-1389-037BE0695223}
	EndGlobalSection
EndGlobal
